
Microsoft Visual Studio Solution File, Format Version 12.00
# Visual Studio Version 17
VisualStudioVersion = 17.3.32804.467
MinimumVisualStudioVersion = 10.0.40219.1
Project("{FAE04EC0-301F-11D3-BF4B-00C04F79EFBC}") = "MSSAProjectTwo", "MSSAProjectTwo\MSSAProjectTwo.csproj", "{87301232-E667-419C-AFC5-71C1C7C2A90E}"
EndProject
Global
	GlobalSection(SolutionConfigurationPlatforms) = preSolution
		Debug|Any CPU = Debug|Any CPU
		Release|Any CPU = Release|Any CPU
	EndGlobalSection
	GlobalSection(ProjectConfigurationPlatforms) = postSolution
		{87301232-E667-419C-AFC5-71C1C7C2A90E}.Debug|Any CPU.ActiveCfg = Debug|Any CPU
		{87301232-E667-419C-AFC5-71C1C7C2A90E}.Debug|Any CPU.Build.0 = Debug|Any CPU
		{87301232-E667-419C-AFC5-71C1C7C2A90E}.Release|Any CPU.ActiveCfg = Release|Any CPU
		{87301232-E667-419C-AFC5-71C1C7C2A90E}.Release|Any CPU.Build.0 = Release|Any CPU
	EndGlobalSection
	GlobalSection(SolutionProperties) = preSolution
		HideSolutionNode = FALSE
	EndGlobalSection
	GlobalSection(ExtensibilityGlobals) = postSolution
		SolutionGuid = {E2B30C56-A8F4-49A5-88FB-A68C79AB8E87}
	EndGlobalSection
EndGlobal
