
Microsoft Visual Studio Solution File, Format Version 12.00
# Visual Studio Version 17
VisualStudioVersion = 17.2.32630.192
MinimumVisualStudioVersion = 10.0.40219.1
Project("{FAE04EC0-301F-11D3-BF4B-00C04F79EFBC}") = "RomanNumeralCalculator", "RomanNumeralCalculator\RomanNumeralCalculator.csproj", "{50DE115D-434E-4E40-8E55-1BC4C29FBA30}"
EndProject
Global
	GlobalSection(SolutionConfigurationPlatforms) = preSolution
		Debug|Any CPU = Debug|Any CPU
		Release|Any CPU = Release|Any CPU
	EndGlobalSection
	GlobalSection(ProjectConfigurationPlatforms) = postSolution
		{50DE115D-434E-4E40-8E55-1BC4C29FBA30}.Debug|Any CPU.ActiveCfg = Debug|Any CPU
		{50DE115D-434E-4E40-8E55-1BC4C29FBA30}.Debug|Any CPU.Build.0 = Debug|Any CPU
		{50DE115D-434E-4E40-8E55-1BC4C29FBA30}.Release|Any CPU.ActiveCfg = Release|Any CPU
		{50DE115D-434E-4E40-8E55-1BC4C29FBA30}.Release|Any CPU.Build.0 = Release|Any CPU
	EndGlobalSection
	GlobalSection(SolutionProperties) = preSolution
		HideSolutionNode = FALSE
	EndGlobalSection
	GlobalSection(ExtensibilityGlobals) = postSolution
		SolutionGuid = {AE84D01E-02C7-4686-807E-F10FC1DAD7F8}
	EndGlobalSection
EndGlobal
